
Microsoft Visual Studio Solution File, Format Version 12.00
# Visual Studio Version 17
VisualStudioVersion = 17.5.33414.496
MinimumVisualStudioVersion = 10.0.40219.1
Project("{FAE04EC0-301F-11D3-BF4B-00C04F79EFBC}") = "TypicalTechTools", "TypicalTechTools\TypicalTechTools.csproj", "{C63D10CB-9C59-48EF-9629-7F7B4C597BB6}"
EndProject
Global
	GlobalSection(SolutionConfigurationPlatforms) = preSolution
		Debug|Any CPU = Debug|Any CPU
		Release|Any CPU = Release|Any CPU
	EndGlobalSection
	GlobalSection(ProjectConfigurationPlatforms) = postSolution
		{C63D10CB-9C59-48EF-9629-7F7B4C597BB6}.Debug|Any CPU.ActiveCfg = Debug|Any CPU
		{C63D10CB-9C59-48EF-9629-7F7B4C597BB6}.Debug|Any CPU.Build.0 = Debug|Any CPU
		{C63D10CB-9C59-48EF-9629-7F7B4C597BB6}.Release|Any CPU.ActiveCfg = Release|Any CPU
		{C63D10CB-9C59-48EF-9629-7F7B4C597BB6}.Release|Any CPU.Build.0 = Release|Any CPU
	EndGlobalSection
	GlobalSection(SolutionProperties) = preSolution
		HideSolutionNode = FALSE
	EndGlobalSection
	GlobalSection(ExtensibilityGlobals) = postSolution
		SolutionGuid = {CF152444-07BE-4AFC-8B67-B5727F2B5A83}
	EndGlobalSection
EndGlobal
